
Microsoft Visual Studio Solution File, Format Version 12.00
# Visual Studio Version 17
VisualStudioVersion = 17.1.32228.430
MinimumVisualStudioVersion = 10.0.40219.1
Project("{FAE04EC0-301F-11D3-BF4B-00C04F79EFBC}") = "OTPGenerator", "OTPGenerator\OTPGenerator.csproj", "{963C22B7-F857-4D00-B321-A9813FCFF5CC}"
EndProject
Global
	GlobalSection(SolutionConfigurationPlatforms) = preSolution
		Debug|Any CPU = Debug|Any CPU
		Release|Any CPU = Release|Any CPU
	EndGlobalSection
	GlobalSection(ProjectConfigurationPlatforms) = postSolution
		{963C22B7-F857-4D00-B321-A9813FCFF5CC}.Debug|Any CPU.ActiveCfg = Debug|Any CPU
		{963C22B7-F857-4D00-B321-A9813FCFF5CC}.Debug|Any CPU.Build.0 = Debug|Any CPU
		{963C22B7-F857-4D00-B321-A9813FCFF5CC}.Release|Any CPU.ActiveCfg = Release|Any CPU
		{963C22B7-F857-4D00-B321-A9813FCFF5CC}.Release|Any CPU.Build.0 = Release|Any CPU
	EndGlobalSection
	GlobalSection(SolutionProperties) = preSolution
		HideSolutionNode = FALSE
	EndGlobalSection
	GlobalSection(ExtensibilityGlobals) = postSolution
		SolutionGuid = {4071C00F-6562-4EDF-B7AB-D4F60A47DFBA}
	EndGlobalSection
EndGlobal
